
Microsoft Visual Studio Solution File, Format Version 12.00
# Visual Studio 15
VisualStudioVersion = 15.0.27130.2036
MinimumVisualStudioVersion = 10.0.40219.1
Project("{9A19103F-16F7-4668-BE54-9A1E7A4F7556}") = "Pets.DAL", "Pets.DAL\Pets.DAL.csproj", "{BCF134C8-2EFB-4D24-93EA-DCF9C2784692}"
EndProject
Project("{9A19103F-16F7-4668-BE54-9A1E7A4F7556}") = "Pets.DomainModel", "Pets.DomainModel\Pets.DomainModel.csproj", "{C689C5A2-C8CC-4587-8FCB-77FA41AC7387}"
EndProject
Project("{9A19103F-16F7-4668-BE54-9A1E7A4F7556}") = "Pets.DomainModel.Tests", "Pets.DomainModel.Tests\Pets.DomainModel.Tests.csproj", "{53109174-E00D-44BA-8550-C3FB6E7DC5E4}"
EndProject
Project("{9A19103F-16F7-4668-BE54-9A1E7A4F7556}") = "Pets.WebSite", "Pets.WebSite\Pets.WebSite.csproj", "{94A59087-6CD1-4844-887B-F127F1CC3E84}"
EndProject
Project("{9A19103F-16F7-4668-BE54-9A1E7A4F7556}") = "Pets.WebSite.Tests", "Pets.WebSite.Tests\Pets.WebSite.Tests.csproj", "{5255DE10-85BC-4DB4-8029-A3C787CB465C}"
EndProject
Project("{2150E333-8FDC-42A3-9474-1A3956D46DE8}") = "Solution Items", "Solution Items", "{EC850B05-640E-4625-8E43-1558CD2444FC}"
	ProjectSection(SolutionItems) = preProject
		README.md = README.md
	EndProjectSection
EndProject
Global
	GlobalSection(SolutionConfigurationPlatforms) = preSolution
		Debug|Any CPU = Debug|Any CPU
		Release|Any CPU = Release|Any CPU
	EndGlobalSection
	GlobalSection(ProjectConfigurationPlatforms) = postSolution
		{BCF134C8-2EFB-4D24-93EA-DCF9C2784692}.Debug|Any CPU.ActiveCfg = Debug|Any CPU
		{BCF134C8-2EFB-4D24-93EA-DCF9C2784692}.Debug|Any CPU.Build.0 = Debug|Any CPU
		{BCF134C8-2EFB-4D24-93EA-DCF9C2784692}.Release|Any CPU.ActiveCfg = Release|Any CPU
		{BCF134C8-2EFB-4D24-93EA-DCF9C2784692}.Release|Any CPU.Build.0 = Release|Any CPU
		{C689C5A2-C8CC-4587-8FCB-77FA41AC7387}.Debug|Any CPU.ActiveCfg = Debug|Any CPU
		{C689C5A2-C8CC-4587-8FCB-77FA41AC7387}.Debug|Any CPU.Build.0 = Debug|Any CPU
		{C689C5A2-C8CC-4587-8FCB-77FA41AC7387}.Release|Any CPU.ActiveCfg = Release|Any CPU
		{C689C5A2-C8CC-4587-8FCB-77FA41AC7387}.Release|Any CPU.Build.0 = Release|Any CPU
		{53109174-E00D-44BA-8550-C3FB6E7DC5E4}.Debug|Any CPU.ActiveCfg = Debug|Any CPU
		{53109174-E00D-44BA-8550-C3FB6E7DC5E4}.Debug|Any CPU.Build.0 = Debug|Any CPU
		{53109174-E00D-44BA-8550-C3FB6E7DC5E4}.Release|Any CPU.ActiveCfg = Release|Any CPU
		{53109174-E00D-44BA-8550-C3FB6E7DC5E4}.Release|Any CPU.Build.0 = Release|Any CPU
		{94A59087-6CD1-4844-887B-F127F1CC3E84}.Debug|Any CPU.ActiveCfg = Debug|Any CPU
		{94A59087-6CD1-4844-887B-F127F1CC3E84}.Debug|Any CPU.Build.0 = Debug|Any CPU
		{94A59087-6CD1-4844-887B-F127F1CC3E84}.Release|Any CPU.ActiveCfg = Release|Any CPU
		{94A59087-6CD1-4844-887B-F127F1CC3E84}.Release|Any CPU.Build.0 = Release|Any CPU
		{5255DE10-85BC-4DB4-8029-A3C787CB465C}.Debug|Any CPU.ActiveCfg = Debug|Any CPU
		{5255DE10-85BC-4DB4-8029-A3C787CB465C}.Debug|Any CPU.Build.0 = Debug|Any CPU
		{5255DE10-85BC-4DB4-8029-A3C787CB465C}.Release|Any CPU.ActiveCfg = Release|Any CPU
		{5255DE10-85BC-4DB4-8029-A3C787CB465C}.Release|Any CPU.Build.0 = Release|Any CPU
	EndGlobalSection
	GlobalSection(SolutionProperties) = preSolution
		HideSolutionNode = FALSE
	EndGlobalSection
	GlobalSection(ExtensibilityGlobals) = postSolution
		SolutionGuid = {B773E16C-BCAD-4198-B192-E24E5BC071FF}
	EndGlobalSection
EndGlobal
